
Microsoft Visual Studio Solution File, Format Version 12.00
# Visual Studio 2013
VisualStudioVersion = 12.0.30501.0
MinimumVisualStudioVersion = 10.0.40219.1
Project("{FAE04EC0-301F-11D3-BF4B-00C04F79EFBC}") = "MW.Samples.Panorama", "MW.Xamarin.Samples.Panorama\MW.Xamarin.Samples.Panorama\MW.Samples.Panorama.csproj", "{7B038DEC-2244-499F-B41B-7197981CC9F1}"
EndProject
Project("{FAE04EC0-301F-11D3-BF4B-00C04F79EFBC}") = "MW.Samples.Panorama.iOS", "MW.Xamarin.Samples.Panorama\MW.Xamarin.Samples.Panorama.iOS\MW.Samples.Panorama.iOS.csproj", "{60795E16-4CB7-40BF-B95C-1FED3EC5A9AB}"
EndProject
Project("{FAE04EC0-301F-11D3-BF4B-00C04F79EFBC}") = "MW.Samples.Panorama.Android", "MW.Xamarin.Samples.Panorama\MW.Xamarin.Samples.Panorama.Android\MW.Samples.Panorama.Android.csproj", "{B11757F9-074A-49F1-9FFC-01B3AC1465CB}"
EndProject
Project("{FAE04EC0-301F-11D3-BF4B-00C04F79EFBC}") = "MW.Samples.Panorama.WinPhone", "MW.Xamarin.Samples.Panorama\MW.Xamarin.Samples.Panorama.WinPhone\MW.Samples.Panorama.WinPhone.csproj", "{061FD8C5-843A-4420-A776-263633BE3552}"
EndProject
Global
	GlobalSection(SolutionConfigurationPlatforms) = preSolution
		Ad-Hoc|Any CPU = Ad-Hoc|Any CPU
		Ad-Hoc|ARM = Ad-Hoc|ARM
		Ad-Hoc|iPhone = Ad-Hoc|iPhone
		Ad-Hoc|iPhoneSimulator = Ad-Hoc|iPhoneSimulator
		Ad-Hoc|Mixed Platforms = Ad-Hoc|Mixed Platforms
		Ad-Hoc|x86 = Ad-Hoc|x86
		AppStore|Any CPU = AppStore|Any CPU
		AppStore|ARM = AppStore|ARM
		AppStore|iPhone = AppStore|iPhone
		AppStore|iPhoneSimulator = AppStore|iPhoneSimulator
		AppStore|Mixed Platforms = AppStore|Mixed Platforms
		AppStore|x86 = AppStore|x86
		Debug|Any CPU = Debug|Any CPU
		Debug|ARM = Debug|ARM
		Debug|iPhone = Debug|iPhone
		Debug|iPhoneSimulator = Debug|iPhoneSimulator
		Debug|Mixed Platforms = Debug|Mixed Platforms
		Debug|x86 = Debug|x86
		Release|Any CPU = Release|Any CPU
		Release|ARM = Release|ARM
		Release|iPhone = Release|iPhone
		Release|iPhoneSimulator = Release|iPhoneSimulator
		Release|Mixed Platforms = Release|Mixed Platforms
		Release|x86 = Release|x86
	EndGlobalSection
	GlobalSection(ProjectConfigurationPlatforms) = postSolution
		{7B038DEC-2244-499F-B41B-7197981CC9F1}.Ad-Hoc|Any CPU.ActiveCfg = Release|Any CPU
		{7B038DEC-2244-499F-B41B-7197981CC9F1}.Ad-Hoc|Any CPU.Build.0 = Release|Any CPU
		{7B038DEC-2244-499F-B41B-7197981CC9F1}.Ad-Hoc|ARM.ActiveCfg = Release|Any CPU
		{7B038DEC-2244-499F-B41B-7197981CC9F1}.Ad-Hoc|iPhone.ActiveCfg = Release|Any CPU
		{7B038DEC-2244-499F-B41B-7197981CC9F1}.Ad-Hoc|iPhoneSimulator.ActiveCfg = Release|Any CPU
		{7B038DEC-2244-499F-B41B-7197981CC9F1}.Ad-Hoc|Mixed Platforms.ActiveCfg = Release|Any CPU
		{7B038DEC-2244-499F-B41B-7197981CC9F1}.Ad-Hoc|Mixed Platforms.Build.0 = Release|Any CPU
		{7B038DEC-2244-499F-B41B-7197981CC9F1}.Ad-Hoc|x86.ActiveCfg = Release|Any CPU
		{7B038DEC-2244-499F-B41B-7197981CC9F1}.AppStore|Any CPU.ActiveCfg = Release|Any CPU
		{7B038DEC-2244-499F-B41B-7197981CC9F1}.AppStore|Any CPU.Build.0 = Release|Any CPU
		{7B038DEC-2244-499F-B41B-7197981CC9F1}.AppStore|ARM.ActiveCfg = Release|Any CPU
		{7B038DEC-2244-499F-B41B-7197981CC9F1}.AppStore|iPhone.ActiveCfg = Release|Any CPU
		{7B038DEC-2244-499F-B41B-7197981CC9F1}.AppStore|iPhoneSimulator.ActiveCfg = Release|Any CPU
		{7B038DEC-2244-499F-B41B-7197981CC9F1}.AppStore|Mixed Platforms.ActiveCfg = Release|Any CPU
		{7B038DEC-2244-499F-B41B-7197981CC9F1}.AppStore|Mixed Platforms.Build.0 = Release|Any CPU
		{7B038DEC-2244-499F-B41B-7197981CC9F1}.AppStore|x86.ActiveCfg = Release|Any CPU
		{7B038DEC-2244-499F-B41B-7197981CC9F1}.Debug|Any CPU.ActiveCfg = Debug|Any CPU
		{7B038DEC-2244-499F-B41B-7197981CC9F1}.Debug|Any CPU.Build.0 = Debug|Any CPU
		{7B038DEC-2244-499F-B41B-7197981CC9F1}.Debug|ARM.ActiveCfg = Debug|Any CPU
		{7B038DEC-2244-499F-B41B-7197981CC9F1}.Debug|iPhone.ActiveCfg = Debug|Any CPU
		{7B038DEC-2244-499F-B41B-7197981CC9F1}.Debug|iPhoneSimulator.ActiveCfg = Debug|Any CPU
		{7B038DEC-2244-499F-B41B-7197981CC9F1}.Debug|Mixed Platforms.ActiveCfg = Debug|Any CPU
		{7B038DEC-2244-499F-B41B-7197981CC9F1}.Debug|Mixed Platforms.Build.0 = Debug|Any CPU
		{7B038DEC-2244-499F-B41B-7197981CC9F1}.Debug|x86.ActiveCfg = Debug|Any CPU
		{7B038DEC-2244-499F-B41B-7197981CC9F1}.Release|Any CPU.ActiveCfg = Release|Any CPU
		{7B038DEC-2244-499F-B41B-7197981CC9F1}.Release|Any CPU.Build.0 = Release|Any CPU
		{7B038DEC-2244-499F-B41B-7197981CC9F1}.Release|ARM.ActiveCfg = Release|Any CPU
		{7B038DEC-2244-499F-B41B-7197981CC9F1}.Release|iPhone.ActiveCfg = Release|Any CPU
		{7B038DEC-2244-499F-B41B-7197981CC9F1}.Release|iPhoneSimulator.ActiveCfg = Release|Any CPU
		{7B038DEC-2244-499F-B41B-7197981CC9F1}.Release|Mixed Platforms.ActiveCfg = Release|Any CPU
		{7B038DEC-2244-499F-B41B-7197981CC9F1}.Release|Mixed Platforms.Build.0 = Release|Any CPU
		{7B038DEC-2244-499F-B41B-7197981CC9F1}.Release|x86.ActiveCfg = Release|Any CPU
		{60795E16-4CB7-40BF-B95C-1FED3EC5A9AB}.Ad-Hoc|Any CPU.ActiveCfg = Ad-Hoc|iPhone
		{60795E16-4CB7-40BF-B95C-1FED3EC5A9AB}.Ad-Hoc|ARM.ActiveCfg = Ad-Hoc|iPhone
		{60795E16-4CB7-40BF-B95C-1FED3EC5A9AB}.Ad-Hoc|iPhone.ActiveCfg = Ad-Hoc|iPhone
		{60795E16-4CB7-40BF-B95C-1FED3EC5A9AB}.Ad-Hoc|iPhone.Build.0 = Ad-Hoc|iPhone
		{60795E16-4CB7-40BF-B95C-1FED3EC5A9AB}.Ad-Hoc|iPhoneSimulator.ActiveCfg = Ad-Hoc|iPhoneSimulator
		{60795E16-4CB7-40BF-B95C-1FED3EC5A9AB}.Ad-Hoc|iPhoneSimulator.Build.0 = Ad-Hoc|iPhoneSimulator
		{60795E16-4CB7-40BF-B95C-1FED3EC5A9AB}.Ad-Hoc|Mixed Platforms.ActiveCfg = Ad-Hoc|iPhone
		{60795E16-4CB7-40BF-B95C-1FED3EC5A9AB}.Ad-Hoc|Mixed Platforms.Build.0 = Ad-Hoc|iPhone
		{60795E16-4CB7-40BF-B95C-1FED3EC5A9AB}.Ad-Hoc|x86.ActiveCfg = Ad-Hoc|iPhone
		{60795E16-4CB7-40BF-B95C-1FED3EC5A9AB}.AppStore|Any CPU.ActiveCfg = AppStore|iPhone
		{60795E16-4CB7-40BF-B95C-1FED3EC5A9AB}.AppStore|ARM.ActiveCfg = AppStore|iPhone
		{60795E16-4CB7-40BF-B95C-1FED3EC5A9AB}.AppStore|iPhone.ActiveCfg = AppStore|iPhone
		{60795E16-4CB7-40BF-B95C-1FED3EC5A9AB}.AppStore|iPhone.Build.0 = AppStore|iPhone
		{60795E16-4CB7-40BF-B95C-1FED3EC5A9AB}.AppStore|iPhoneSimulator.ActiveCfg = AppStore|iPhoneSimulator
		{60795E16-4CB7-40BF-B95C-1FED3EC5A9AB}.AppStore|iPhoneSimulator.Build.0 = AppStore|iPhoneSimulator
		{60795E16-4CB7-40BF-B95C-1FED3EC5A9AB}.AppStore|Mixed Platforms.ActiveCfg = AppStore|iPhone
		{60795E16-4CB7-40BF-B95C-1FED3EC5A9AB}.AppStore|Mixed Platforms.Build.0 = AppStore|iPhone
		{60795E16-4CB7-40BF-B95C-1FED3EC5A9AB}.AppStore|x86.ActiveCfg = AppStore|iPhone
		{60795E16-4CB7-40BF-B95C-1FED3EC5A9AB}.Debug|Any CPU.ActiveCfg = Debug|iPhone
		{60795E16-4CB7-40BF-B95C-1FED3EC5A9AB}.Debug|ARM.ActiveCfg = Debug|iPhone
		{60795E16-4CB7-40BF-B95C-1FED3EC5A9AB}.Debug|iPhone.ActiveCfg = Debug|iPhone
		{60795E16-4CB7-40BF-B95C-1FED3EC5A9AB}.Debug|iPhone.Build.0 = Debug|iPhone
		{60795E16-4CB7-40BF-B95C-1FED3EC5A9AB}.Debug|iPhoneSimulator.ActiveCfg = Debug|iPhoneSimulator
		{60795E16-4CB7-40BF-B95C-1FED3EC5A9AB}.Debug|iPhoneSimulator.Build.0 = Debug|iPhoneSimulator
		{60795E16-4CB7-40BF-B95C-1FED3EC5A9AB}.Debug|Mixed Platforms.ActiveCfg = Debug|iPhone
		{60795E16-4CB7-40BF-B95C-1FED3EC5A9AB}.Debug|Mixed Platforms.Build.0 = Debug|iPhone
		{60795E16-4CB7-40BF-B95C-1FED3EC5A9AB}.Debug|x86.ActiveCfg = Debug|iPhone
		{60795E16-4CB7-40BF-B95C-1FED3EC5A9AB}.Release|Any CPU.ActiveCfg = Release|iPhone
		{60795E16-4CB7-40BF-B95C-1FED3EC5A9AB}.Release|ARM.ActiveCfg = Release|iPhone
		{60795E16-4CB7-40BF-B95C-1FED3EC5A9AB}.Release|iPhone.ActiveCfg = Release|iPhone
		{60795E16-4CB7-40BF-B95C-1FED3EC5A9AB}.Release|iPhone.Build.0 = Release|iPhone
		{60795E16-4CB7-40BF-B95C-1FED3EC5A9AB}.Release|iPhoneSimulator.ActiveCfg = Release|iPhoneSimulator
		{60795E16-4CB7-40BF-B95C-1FED3EC5A9AB}.Release|iPhoneSimulator.Build.0 = Release|iPhoneSimulator
		{60795E16-4CB7-40BF-B95C-1FED3EC5A9AB}.Release|Mixed Platforms.ActiveCfg = Release|iPhone
		{60795E16-4CB7-40BF-B95C-1FED3EC5A9AB}.Release|Mixed Platforms.Build.0 = Release|iPhone
		{60795E16-4CB7-40BF-B95C-1FED3EC5A9AB}.Release|x86.ActiveCfg = Release|iPhone
		{B11757F9-074A-49F1-9FFC-01B3AC1465CB}.Ad-Hoc|Any CPU.ActiveCfg = Release|Any CPU
		{B11757F9-074A-49F1-9FFC-01B3AC1465CB}.Ad-Hoc|Any CPU.Build.0 = Release|Any CPU
		{B11757F9-074A-49F1-9FFC-01B3AC1465CB}.Ad-Hoc|Any CPU.Deploy.0 = Release|Any CPU
		{B11757F9-074A-49F1-9FFC-01B3AC1465CB}.Ad-Hoc|ARM.ActiveCfg = Release|Any CPU
		{B11757F9-074A-49F1-9FFC-01B3AC1465CB}.Ad-Hoc|iPhone.ActiveCfg = Release|Any CPU
		{B11757F9-074A-49F1-9FFC-01B3AC1465CB}.Ad-Hoc|iPhoneSimulator.ActiveCfg = Release|Any CPU
		{B11757F9-074A-49F1-9FFC-01B3AC1465CB}.Ad-Hoc|Mixed Platforms.ActiveCfg = Release|Any CPU
		{B11757F9-074A-49F1-9FFC-01B3AC1465CB}.Ad-Hoc|Mixed Platforms.Build.0 = Release|Any CPU
		{B11757F9-074A-49F1-9FFC-01B3AC1465CB}.Ad-Hoc|Mixed Platforms.Deploy.0 = Release|Any CPU
		{B11757F9-074A-49F1-9FFC-01B3AC1465CB}.Ad-Hoc|x86.ActiveCfg = Release|Any CPU
		{B11757F9-074A-49F1-9FFC-01B3AC1465CB}.AppStore|Any CPU.ActiveCfg = Release|Any CPU
		{B11757F9-074A-49F1-9FFC-01B3AC1465CB}.AppStore|Any CPU.Build.0 = Release|Any CPU
		{B11757F9-074A-49F1-9FFC-01B3AC1465CB}.AppStore|Any CPU.Deploy.0 = Release|Any CPU
		{B11757F9-074A-49F1-9FFC-01B3AC1465CB}.AppStore|ARM.ActiveCfg = Release|Any CPU
		{B11757F9-074A-49F1-9FFC-01B3AC1465CB}.AppStore|iPhone.ActiveCfg = Release|Any CPU
		{B11757F9-074A-49F1-9FFC-01B3AC1465CB}.AppStore|iPhoneSimulator.ActiveCfg = Release|Any CPU
		{B11757F9-074A-49F1-9FFC-01B3AC1465CB}.AppStore|Mixed Platforms.ActiveCfg = Release|Any CPU
		{B11757F9-074A-49F1-9FFC-01B3AC1465CB}.AppStore|Mixed Platforms.Build.0 = Release|Any CPU
		{B11757F9-074A-49F1-9FFC-01B3AC1465CB}.AppStore|Mixed Platforms.Deploy.0 = Release|Any CPU
		{B11757F9-074A-49F1-9FFC-01B3AC1465CB}.AppStore|x86.ActiveCfg = Release|Any CPU
		{B11757F9-074A-49F1-9FFC-01B3AC1465CB}.Debug|Any CPU.ActiveCfg = Debug|Any CPU
		{B11757F9-074A-49F1-9FFC-01B3AC1465CB}.Debug|Any CPU.Build.0 = Debug|Any CPU
		{B11757F9-074A-49F1-9FFC-01B3AC1465CB}.Debug|Any CPU.Deploy.0 = Debug|Any CPU
		{B11757F9-074A-49F1-9FFC-01B3AC1465CB}.Debug|ARM.ActiveCfg = Debug|Any CPU
		{B11757F9-074A-49F1-9FFC-01B3AC1465CB}.Debug|iPhone.ActiveCfg = Debug|Any CPU
		{B11757F9-074A-49F1-9FFC-01B3AC1465CB}.Debug|iPhoneSimulator.ActiveCfg = Debug|Any CPU
		{B11757F9-074A-49F1-9FFC-01B3AC1465CB}.Debug|Mixed Platforms.ActiveCfg = Debug|Any CPU
		{B11757F9-074A-49F1-9FFC-01B3AC1465CB}.Debug|Mixed Platforms.Build.0 = Debug|Any CPU
		{B11757F9-074A-49F1-9FFC-01B3AC1465CB}.Debug|Mixed Platforms.Deploy.0 = Debug|Any CPU
		{B11757F9-074A-49F1-9FFC-01B3AC1465CB}.Debug|x86.ActiveCfg = Debug|Any CPU
		{B11757F9-074A-49F1-9FFC-01B3AC1465CB}.Release|Any CPU.ActiveCfg = Release|Any CPU
		{B11757F9-074A-49F1-9FFC-01B3AC1465CB}.Release|Any CPU.Build.0 = Release|Any CPU
		{B11757F9-074A-49F1-9FFC-01B3AC1465CB}.Release|Any CPU.Deploy.0 = Release|Any CPU
		{B11757F9-074A-49F1-9FFC-01B3AC1465CB}.Release|ARM.ActiveCfg = Release|Any CPU
		{B11757F9-074A-49F1-9FFC-01B3AC1465CB}.Release|iPhone.ActiveCfg = Release|Any CPU
		{B11757F9-074A-49F1-9FFC-01B3AC1465CB}.Release|iPhoneSimulator.ActiveCfg = Release|Any CPU
		{B11757F9-074A-49F1-9FFC-01B3AC1465CB}.Release|Mixed Platforms.ActiveCfg = Release|Any CPU
		{B11757F9-074A-49F1-9FFC-01B3AC1465CB}.Release|Mixed Platforms.Build.0 = Release|Any CPU
		{B11757F9-074A-49F1-9FFC-01B3AC1465CB}.Release|Mixed Platforms.Deploy.0 = Release|Any CPU
		{B11757F9-074A-49F1-9FFC-01B3AC1465CB}.Release|x86.ActiveCfg = Release|Any CPU
		{061FD8C5-843A-4420-A776-263633BE3552}.Ad-Hoc|Any CPU.ActiveCfg = Release|Any CPU
		{061FD8C5-843A-4420-A776-263633BE3552}.Ad-Hoc|Any CPU.Build.0 = Release|Any CPU
		{061FD8C5-843A-4420-A776-263633BE3552}.Ad-Hoc|Any CPU.Deploy.0 = Release|Any CPU
		{061FD8C5-843A-4420-A776-263633BE3552}.Ad-Hoc|ARM.ActiveCfg = Release|ARM
		{061FD8C5-843A-4420-A776-263633BE3552}.Ad-Hoc|ARM.Build.0 = Release|ARM
		{061FD8C5-843A-4420-A776-263633BE3552}.Ad-Hoc|ARM.Deploy.0 = Release|ARM
		{061FD8C5-843A-4420-A776-263633BE3552}.Ad-Hoc|iPhone.ActiveCfg = Release|Any CPU
		{061FD8C5-843A-4420-A776-263633BE3552}.Ad-Hoc|iPhoneSimulator.ActiveCfg = Release|Any CPU
		{061FD8C5-843A-4420-A776-263633BE3552}.Ad-Hoc|Mixed Platforms.ActiveCfg = Release|x86
		{061FD8C5-843A-4420-A776-263633BE3552}.Ad-Hoc|Mixed Platforms.Build.0 = Release|x86
		{061FD8C5-843A-4420-A776-263633BE3552}.Ad-Hoc|Mixed Platforms.Deploy.0 = Release|x86
		{061FD8C5-843A-4420-A776-263633BE3552}.Ad-Hoc|x86.ActiveCfg = Release|x86
		{061FD8C5-843A-4420-A776-263633BE3552}.Ad-Hoc|x86.Build.0 = Release|x86
		{061FD8C5-843A-4420-A776-263633BE3552}.Ad-Hoc|x86.Deploy.0 = Release|x86
		{061FD8C5-843A-4420-A776-263633BE3552}.AppStore|Any CPU.ActiveCfg = Release|Any CPU
		{061FD8C5-843A-4420-A776-263633BE3552}.AppStore|Any CPU.Build.0 = Release|Any CPU
		{061FD8C5-843A-4420-A776-263633BE3552}.AppStore|Any CPU.Deploy.0 = Release|Any CPU
		{061FD8C5-843A-4420-A776-263633BE3552}.AppStore|ARM.ActiveCfg = Release|ARM
		{061FD8C5-843A-4420-A776-263633BE3552}.AppStore|ARM.Build.0 = Release|ARM
		{061FD8C5-843A-4420-A776-263633BE3552}.AppStore|ARM.Deploy.0 = Release|ARM
		{061FD8C5-843A-4420-A776-263633BE3552}.AppStore|iPhone.ActiveCfg = Release|Any CPU
		{061FD8C5-843A-4420-A776-263633BE3552}.AppStore|iPhoneSimulator.ActiveCfg = Release|Any CPU
		{061FD8C5-843A-4420-A776-263633BE3552}.AppStore|Mixed Platforms.ActiveCfg = Release|x86
		{061FD8C5-843A-4420-A776-263633BE3552}.AppStore|Mixed Platforms.Build.0 = Release|x86
		{061FD8C5-843A-4420-A776-263633BE3552}.AppStore|Mixed Platforms.Deploy.0 = Release|x86
		{061FD8C5-843A-4420-A776-263633BE3552}.AppStore|x86.ActiveCfg = Release|x86
		{061FD8C5-843A-4420-A776-263633BE3552}.AppStore|x86.Build.0 = Release|x86
		{061FD8C5-843A-4420-A776-263633BE3552}.AppStore|x86.Deploy.0 = Release|x86
		{061FD8C5-843A-4420-A776-263633BE3552}.Debug|Any CPU.ActiveCfg = Debug|Any CPU
		{061FD8C5-843A-4420-A776-263633BE3552}.Debug|Any CPU.Build.0 = Debug|Any CPU
		{061FD8C5-843A-4420-A776-263633BE3552}.Debug|Any CPU.Deploy.0 = Debug|Any CPU
		{061FD8C5-843A-4420-A776-263633BE3552}.Debug|ARM.ActiveCfg = Debug|ARM
		{061FD8C5-843A-4420-A776-263633BE3552}.Debug|ARM.Build.0 = Debug|ARM
		{061FD8C5-843A-4420-A776-263633BE3552}.Debug|ARM.Deploy.0 = Debug|ARM
		{061FD8C5-843A-4420-A776-263633BE3552}.Debug|iPhone.ActiveCfg = Debug|Any CPU
		{061FD8C5-843A-4420-A776-263633BE3552}.Debug|iPhoneSimulator.ActiveCfg = Debug|Any CPU
		{061FD8C5-843A-4420-A776-263633BE3552}.Debug|Mixed Platforms.ActiveCfg = Debug|ARM
		{061FD8C5-843A-4420-A776-263633BE3552}.Debug|Mixed Platforms.Build.0 = Debug|ARM
		{061FD8C5-843A-4420-A776-263633BE3552}.Debug|Mixed Platforms.Deploy.0 = Debug|ARM
		{061FD8C5-843A-4420-A776-263633BE3552}.Debug|x86.ActiveCfg = Debug|x86
		{061FD8C5-843A-4420-A776-263633BE3552}.Debug|x86.Build.0 = Debug|x86
		{061FD8C5-843A-4420-A776-263633BE3552}.Debug|x86.Deploy.0 = Debug|x86
		{061FD8C5-843A-4420-A776-263633BE3552}.Release|Any CPU.ActiveCfg = Release|Any CPU
		{061FD8C5-843A-4420-A776-263633BE3552}.Release|Any CPU.Build.0 = Release|Any CPU
		{061FD8C5-843A-4420-A776-263633BE3552}.Release|Any CPU.Deploy.0 = Release|Any CPU
		{061FD8C5-843A-4420-A776-263633BE3552}.Release|ARM.ActiveCfg = Release|ARM
		{061FD8C5-843A-4420-A776-263633BE3552}.Release|ARM.Build.0 = Release|ARM
		{061FD8C5-843A-4420-A776-263633BE3552}.Release|ARM.Deploy.0 = Release|ARM
		{061FD8C5-843A-4420-A776-263633BE3552}.Release|iPhone.ActiveCfg = Release|Any CPU
		{061FD8C5-843A-4420-A776-263633BE3552}.Release|iPhoneSimulator.ActiveCfg = Release|Any CPU
		{061FD8C5-843A-4420-A776-263633BE3552}.Release|Mixed Platforms.ActiveCfg = Release|x86
		{061FD8C5-843A-4420-A776-263633BE3552}.Release|Mixed Platforms.Build.0 = Release|x86
		{061FD8C5-843A-4420-A776-263633BE3552}.Release|Mixed Platforms.Deploy.0 = Release|x86
		{061FD8C5-843A-4420-A776-263633BE3552}.Release|x86.ActiveCfg = Release|x86
		{061FD8C5-843A-4420-A776-263633BE3552}.Release|x86.Build.0 = Release|x86
		{061FD8C5-843A-4420-A776-263633BE3552}.Release|x86.Deploy.0 = Release|x86
	EndGlobalSection
	GlobalSection(SolutionProperties) = preSolution
		HideSolutionNode = FALSE
	EndGlobalSection
EndGlobal
